<?xml version="1.0" encoding="utf-8"?>
<Project ToolsVersion="4.0" xmlns="http://schemas.microsoft.com/developer/msbuild/2003">
  <ItemGroup>
    <Filter Include="Source Files">
      <UniqueIdentifier>{4FC737F1-C7A5-4376-A066-2A32D752A2FF}</UniqueIdentifier>
      <Extensions>cpp;c;cc;cxx;def;odl;idl;hpj;bat;asm;asmx</Extensions>
    </Filter>
    <Filter Include="Header Files">
      <UniqueIdentifier>{93995380-89BD-4b04-88EB-625FBE52EBFB}</UniqueIdentifier>
      <Extensions>h;hh;hpp;hxx;hm;inl;inc;xsd</Extensions>
    </Filter>
    <Filter Include="Resource Files">
      <UniqueIdentifier>{67DA6AB6-F800-4c08-8B7A-83BB121AAD01}</UniqueIdentifier>
      <Extensions>rc;ico;cur;bmp;dlg;rc2;rct;bin;rgs;gif;jpg;jpeg;jpe;resx;tiff;tif;png;wav;mfcribbon-ms</Extensions>
    </Filter>
    <Filter Include="Header Files\Model">
      <UniqueIdentifier>{11e21160-aa6a-4c86-aff6-27d904cc1639}</UniqueIdentifier>
    </Filter>
    <Filter Include="Source Files\Model">
      <UniqueIdentifier>{eef651e3-ded0-43aa-8fbd-a8ef6a1795ed}</UniqueIdentifier>
    </Filter>
    <Filter Include="Header Files\View">
      <UniqueIdentifier>{b034ed1a-37b9-4930-b7db-291a748c22dc}</UniqueIdentifier>
    </Filter>
    <Filter Include="Source Files\View">
      <UniqueIdentifier>{3f894ff1-3c57-4b97-a2b2-983619b3cc74}</UniqueIdentifier>
    </Filter>
    <Filter Include="Source Files\Control">
      <UniqueIdentifier>{ab53cfb8-0cb6-42c3-a243-21f12aff82f9}</UniqueIdentifier>
    </Filter>
    <Filter Include="Header Files\Control">
      <UniqueIdentifier>{7bd3fbee-4304-4bac-b28c-f6c2d8164ca8}</UniqueIdentifier>
    </Filter>
    <Filter Include="Header Files\GameObjects">
      <UniqueIdentifier>{41587ca3-bb27-4dea-9929-b94c5cc3e50d}</UniqueIdentifier>
    </Filter>
    <Filter Include="Source Files\GameObjects">
      <UniqueIdentifier>{d4976496-9021-491c-93b9-42d7fb0576ac}</UniqueIdentifier>
    </Filter>
    <Filter Include="Header Files\Model">
      <UniqueIdentifier>{a1333fcc-87b2-494a-ab23-f4d9ad4a0c0d}</UniqueIdentifier>
    </Filter>
    <Filter Include="Header Files\Score">
      <UniqueIdentifier>{37bd51cf-db2d-4768-85be-665761ad058d}</UniqueIdentifier>
    </Filter>
    <Filter Include="Header Files\View">
      <UniqueIdentifier>{9dd1b347-790b-4e09-80bd-c5baced5a6ee}</UniqueIdentifier>
    </Filter>
    <Filter Include="Source Files\Score">
      <UniqueIdentifier>{614e0ca1-c9e5-4b12-9e1a-d96a68b9b731}</UniqueIdentifier>
    </Filter>
    <Filter Include="Source Files\Model">
      <UniqueIdentifier>{2e85ee14-1ddf-481c-8bda-9eac2936b1dd}</UniqueIdentifier>
    </Filter>
    <Filter Include="Source Files\View">
      <UniqueIdentifier>{bdfa273e-8ae7-499f-a859-b01f2ab52db1}</UniqueIdentifier>
    </Filter>
    <Filter Include="Source Files\Components">
      <UniqueIdentifier>{2f30e23f-79ce-43e6-98ed-f7933dc88984}</UniqueIdentifier>
    </Filter>
    <Filter Include="Header Files\Components">
      <UniqueIdentifier>{e6682769-1283-4e33-960c-ff00774e6bc5}</UniqueIdentifier>
    </Filter>
    <Filter Include="Source Files\Components\GUI">
      <UniqueIdentifier>{bc95da28-afd9-4323-b4af-0b2a10ede7ee}</UniqueIdentifier>
    </Filter>
    <Filter Include="Header Files\Components\GUI">
      <UniqueIdentifier>{c4b2b699-7c3e-4cef-ae0f-e497ace514db}</UniqueIdentifier>
    </Filter>
    <Filter Include="Header Files\Json">
      <UniqueIdentifier>{6fb1ecfd-49ca-4aec-8583-b84930eb62f9}</UniqueIdentifier>
    </Filter>
    <Filter Include="Source Files\Factory">
      <UniqueIdentifier>{490b45c6-5e90-46b4-a5dd-74bc97ce03e4}</UniqueIdentifier>
    </Filter>
    <Filter Include="Header Files\Factory">
      <UniqueIdentifier>{6b5dfa85-6916-413d-bab2-cd3cfda1f728}</UniqueIdentifier>
    </Filter>
    <Filter Include="Header Files\Alpha Blend">
      <UniqueIdentifier>{ccb14b30-8c5e-4a4f-981f-b07d9cfdffa8}</UniqueIdentifier>
    </Filter>
    <Filter Include="Source Files\Alpha Blend">
      <UniqueIdentifier>{9e1da7a8-6a81-4365-85b6-22aca2d07213}</UniqueIdentifier>
    </Filter>
    <Filter Include="Source Files\SFX">
      <UniqueIdentifier>{9a9caa9e-c1a9-42ff-b941-d618213b9d92}</UniqueIdentifier>
    </Filter>
    <Filter Include="Header Files\SFX">
      <UniqueIdentifier>{095e73fe-e9e1-41ba-b48f-fd6d06db2c55}</UniqueIdentifier>
    </Filter>
    <Filter Include="Header Files\Power ups">
      <UniqueIdentifier>{7f7703b2-fa57-4478-928d-ec22b30500d9}</UniqueIdentifier>
    </Filter>
    <Filter Include="Source Files\Power ups">
      <UniqueIdentifier>{07093f12-993c-4b13-9d68-8ded0492b5f9}</UniqueIdentifier>
    </Filter>
  </ItemGroup>
  <ItemGroup>
    <ClCompile Include="main.cpp">
      <Filter>Source Files</Filter>
    </ClCompile>
    <ClCompile Include="View.cpp">
      <Filter>Source Files\View</Filter>
    </ClCompile>
    <ClCompile Include="Model.cpp">
      <Filter>Source Files\Model</Filter>
    </ClCompile>
    <ClCompile Include="Input.cpp">
      <Filter>Source Files\Control</Filter>
    </ClCompile>
    <ClCompile Include="GameObject.cpp">
      <Filter>Source Files\GameObjects</Filter>
    </ClCompile>
    <ClCompile Include="GameObject.cpp">
      <Filter>Source Files\GameObjects</Filter>
    </ClCompile>
    <ClCompile Include="Component.cpp">
      <Filter>Source Files\Components</Filter>
    </ClCompile>
    <ClCompile Include="Vec.cpp">
      <Filter>Source Files</Filter>
    </ClCompile>
    <ClCompile Include="GUIComponent.cpp">
      <Filter>Source Files\Components\GUI</Filter>
    </ClCompile>
    <ClCompile Include="Text.cpp">
      <Filter>Source Files\Components\GUI</Filter>
    </ClCompile>
    <ClCompile Include="ScoreBoard.cpp">
      <Filter>Source Files\Score</Filter>
    </ClCompile>
    <ClCompile Include="ScoreComponent.cpp">
      <Filter>Source Files\Score</Filter>
    </ClCompile>
    <ClCompile Include="Input.cpp">
      <Filter>Source Files\Control</Filter>
    </ClCompile>
    <ClCompile Include="CameraComponent.cpp">
      <Filter>Source Files\Components</Filter>
    </ClCompile>
    <ClCompile Include="Mesh.cpp">
      <Filter>Source Files\Factory</Filter>
    </ClCompile>
    <ClCompile Include="MeshDrawComponent.cpp">
      <Filter>Source Files\Components</Filter>
    </ClCompile>
    <ClCompile Include="MeshFactory.cpp">
      <Filter>Source Files\Factory</Filter>
    </ClCompile>
    <ClCompile Include="Image.cpp">
      <Filter>Source Files\Components\GUI</Filter>
    </ClCompile>
    <ClCompile Include="LifeBar.cpp">
      <Filter>Source Files\Components\GUI</Filter>
    </ClCompile>
    <ClCompile Include="LaneGeneratorComponent.cpp">
      <Filter>Source Files\Components</Filter>
    </ClCompile>
    <ClCompile Include="ScoreComponent.cpp">
      <Filter>Source Files\Components</Filter>
    </ClCompile>
    <ClCompile Include="Texture.cpp">
      <Filter>Source Files\Factory</Filter>
    </ClCompile>
    <ClCompile Include="Vertex.cpp">
      <Filter>Source Files\Factory</Filter>
    </ClCompile>
    <ClCompile Include="Collision.cpp">
      <Filter>Source Files\Model</Filter>
    </ClCompile>
    <ClCompile Include="CollisionComponent.cpp">
      <Filter>Source Files\Components</Filter>
    </ClCompile>
    <ClCompile Include="PlayerComponent.cpp">
      <Filter>Source Files\Components</Filter>
    </ClCompile>
    <ClCompile Include="LaneComponent.cpp">
      <Filter>Source Files\Components</Filter>
    </ClCompile>
    <ClCompile Include="ScoreComponent.cpp">
      <Filter>Source Files\Components</Filter>
    </ClCompile>
    <ClCompile Include="Sound.cpp">
      <Filter>Source Files\SFX</Filter>
    </ClCompile>
    <ClCompile Include="LaneObstacleComponent.cpp">
      <Filter>Source Files\Components</Filter>
    </ClCompile>
    <ClCompile Include="PowerUpComponent.cpp">
      <Filter>Source Files\Components</Filter>
    </ClCompile>
    <ClCompile Include="LifeUp.cpp">
      <Filter>Source Files\Power ups</Filter>
    </ClCompile>
    <ClCompile Include="LaneObstacleGenerator.cpp">
      <Filter>Source Files\Components</Filter>
    </ClCompile>
    <ClCompile Include="AsteroidComponent.cpp">
      <Filter>Source Files\Components</Filter>
    </ClCompile>
    <ClCompile Include="VisionComponent.cpp">
      <Filter>Source Files\Components</Filter>
    </ClCompile>
    <ClCompile Include="RotateComponent.cpp">
      <Filter>Source Files\Components</Filter>
    </ClCompile>
  </ItemGroup>
  <ItemGroup>
    <ClInclude Include="View.h">
      <Filter>Header Files\View</Filter>
    </ClInclude>
    <ClInclude Include="Input.h">
      <Filter>Header Files\Control</Filter>
    </ClInclude>
    <ClInclude Include="Model.h">
      <Filter>Header Files\Model</Filter>
    </ClInclude>
    <ClInclude Include="View.h">
      <Filter>Header Files\View</Filter>
    </ClInclude>
    <ClInclude Include="Component.h">
      <Filter>Header Files\Components</Filter>
    </ClInclude>
    <ClInclude Include="Vec.h">
      <Filter>Header Files</Filter>
    </ClInclude>
    <ClInclude Include="GUIComponent.h">
      <Filter>Header Files\Components\GUI</Filter>
    </ClInclude>
    <ClInclude Include="GUIElement.h">
      <Filter>Header Files\Components\GUI</Filter>
    </ClInclude>
    <ClInclude Include="Text.h">
      <Filter>Header Files\Components\GUI</Filter>
    </ClInclude>
    <ClInclude Include="GameObject.h">
      <Filter>Header Files\GameObjects</Filter>
    </ClInclude>
    <ClInclude Include="ScoreBoard.h">
      <Filter>Header Files\Score</Filter>
    </ClInclude>
    <ClInclude Include="stb_image.h">
      <Filter>Header Files\Factory</Filter>
    </ClInclude>
    <ClInclude Include="DrawComponent.h">
      <Filter>Header Files\Components</Filter>
    </ClInclude>
    <ClInclude Include="CameraComponent.h">
      <Filter>Header Files\Components</Filter>
    </ClInclude>
    <ClInclude Include="Input.h">
      <Filter>Header Files\Control</Filter>
    </ClInclude>
    <ClInclude Include="Mesh.h">
      <Filter>Header Files\Factory</Filter>
    </ClInclude>
    <ClInclude Include="MeshDrawComponent.h">
      <Filter>Header Files\Components</Filter>
    </ClInclude>
    <ClInclude Include="MeshFactory.h">
      <Filter>Header Files\Factory</Filter>
    </ClInclude>
    <ClInclude Include="json.hpp">
      <Filter>Header Files\Json</Filter>
    </ClInclude>
    <ClInclude Include="Image.h">
      <Filter>Header Files\Components\GUI</Filter>
    </ClInclude>
    <ClInclude Include="LifeBar.h">
      <Filter>Header Files\Components\GUI</Filter>
    </ClInclude>
    <ClInclude Include="ScoreComponent.h">
      <Filter>Header Files\Components</Filter>
    </ClInclude>
    <ClInclude Include="LaneGeneratorComponent.h">
      <Filter>Header Files\Components</Filter>
    </ClInclude>
    <ClInclude Include="Texture.h">
      <Filter>Header Files\Factory</Filter>
    </ClInclude>
    <ClInclude Include="Vertex.h">
      <Filter>Header Files\Factory</Filter>
    </ClInclude>
    <ClInclude Include="Collision.h">
      <Filter>Header Files\Model</Filter>
    </ClInclude>
    <ClInclude Include="CollisionComponent.h">
      <Filter>Header Files\Components</Filter>
    </ClInclude>
    <ClInclude Include="PlayerComponent.h">
      <Filter>Header Files\Components</Filter>
    </ClInclude>
    <ClInclude Include="LaneObstacleComponent.h">
      <Filter>Header Files\Components</Filter>
    </ClInclude>
    <ClInclude Include="LaneComponent.h">
      <Filter>Header Files\Components</Filter>
    </ClInclude>
    <ClInclude Include="AlphaBlend.h">
      <Filter>Header Files\Alpha Blend</Filter>
    </ClInclude>
    <ClInclude Include="Sound.h">
      <Filter>Header Files\SFX</Filter>
    </ClInclude>
    <ClInclude Include="DrawComponent.cpp">
      <Filter>Source Files\Components</Filter>
    </ClInclude>
    <ClInclude Include="PowerUpComponent.h">
      <Filter>Header Files\Components</Filter>
    </ClInclude>
    <ClInclude Include="LifeUp.h">
      <Filter>Header Files\Power ups</Filter>
    </ClInclude>
    <ClInclude Include="LaneObstacleGenerator.h">
      <Filter>Header Files\Components</Filter>
    </ClInclude>
    <ClInclude Include="ObstaclePatterns.h">
      <Filter>Header Files\Components</Filter>
    </ClInclude>
    <ClInclude Include="AsteroidComponent.h">
      <Filter>Header Files\Components</Filter>
    </ClInclude>
    <ClInclude Include="RotateComponent.h">
      <Filter>Header Files\Components</Filter>
    </ClInclude>
    <ClInclude Include="VisionComponent.h">
      <Filter>Header Files\Components</Filter>
    </ClInclude>
  </ItemGroup>
  <ItemGroup>
    <None Include="Assets\Button.psd">
      <Filter>Resource Files</Filter>
    </None>
    <None Include="Assets\GUI-Design.psd">
      <Filter>Resource Files</Filter>
    </None>
    <None Include="Assets\LifeBar.psd">
      <Filter>Resource Files</Filter>
    </None>
    <None Include="Assets\LifeFrame.psd">
      <Filter>Resource Files</Filter>
    </None>
    <None Include="Assets\LifeFrameSegment.psd">
      <Filter>Resource Files</Filter>
    </None>
    <None Include="Assets\LifeFrameBackground.psd">
      <Filter>Resource Files</Filter>
    </None>
  </ItemGroup>
  <ItemGroup>
    <Media Include="Assets\cartoon001.wav">
      <Filter>Resource Files</Filter>
    </Media>
    <Media Include="Assets\cartoon002.wav">
      <Filter>Resource Files</Filter>
    </Media>
  </ItemGroup>
</Project>